{
  "schema": 1,
  "huggingface": {
    "aime24": {
      "repo": "HuggingFaceH4/aime_2024",
      "revision": "2fe88a2f1091d5048c0f36abc874fb997b3dd99a",
      "files": [
        {
          "path": "README.md",
          "size": 932,
          "algorithm": "sha256",
          "hash": "c1d82f7870ba18b505fad3027c5c6131bac989ed3e177e9fc23385b9b9b315b8"
        },
        {
          "path": "data/train-00000-of-00001.parquet",
          "size": 81670,
          "algorithm": "sha256",
          "hash": "26139847601a5037c237d5928b195e7260ca8074cf4f264b794af42847f79ccf"
        }
      ]
    },
    "aime25": {
      "repo": "opencompass/AIME2025",
      "revision": "a6ad95f611d72cf628a80b58bd0432ef6638f958",
      "files": [
        {
          "path": "README.md",
          "size": 448,
          "algorithm": "sha256",
          "hash": "43ac9ef26311be77671372031a242d031858ba836a6d79f323a1bac748e012ac"
        },
        {
          "path": "aime2025-I.jsonl",
          "size": 5764,
          "algorithm": "sha256",
          "hash": "b91b3c96f05d9635d2a0692b124ebe023c1ff59cb19c074275e6c4b349d0659e"
        },
        {
          "path": "aime2025-II.jsonl",
          "size": 6285,
          "algorithm": "sha256",
          "hash": "16a2dcfbbf9db1b11f8a69a3ba5e4cac73e3641b19a37e2307e9c12240bbed5e"
        }
      ]
    },
    "aime26": {
      "repo": "MathArena/aime_2026",
      "revision": "10b4e45b7a503075d4da8a0d57916a4f06ce6bd2",
      "files": [
        {
          "path": "README.md",
          "size": 1692,
          "algorithm": "sha256",
          "hash": "e04fa22c638a2706648c799c5f1932caebf592446bef7b35597df73116aae781"
        },
        {
          "path": "data/train-00000-of-00001.parquet",
          "size": 10065,
          "algorithm": "sha256",
          "hash": "d91db799651b4cc1f0734f52792a695c9cc60dac342524b3d8e5b2ff31c3e957"
        }
      ]
    },
    "i3-logic": {
      "repo": "PrimeIntellect/INTELLECT-3-RL",
      "revision": "a9eb9183224cec63fe9a71e7a3a80cff14868624",
      "files": [
        {
          "path": "README.md",
          "size": 1620,
          "algorithm": "sha256",
          "hash": "0ec9aa86b16bcf0450aea34c04fb6326a456a3771523bcae627fc99f4ef9b397"
        },
        {
          "path": "logic/train-00000-of-00001.parquet",
          "size": 16506139,
          "algorithm": "sha256",
          "hash": "91be0da16cec15ef67c6ec7e4de1371811344507df15d8a412077ce95dc39f41"
        }
      ]
    },
    "livecodebench": {
      "repo": "livecodebench/code_generation_lite",
      "revision": "0fe84c3912ea0c4d4a78037083943e8f0c4dd505",
      "files": [
        {
          "path": "test.jsonl",
          "size": 1252609773,
          "algorithm": "sha256",
          "hash": "2bd02b38beb48e8c46b5b9987095d999ff38cd8efc255ea5d58974317c48f63f"
        },
        {
          "path": "test2.jsonl",
          "size": 713377060,
          "algorithm": "sha256",
          "hash": "095df7c5daf15f882c51a9deb84085cff1e073495a5dbcf95015a564d485f3a3"
        },
        {
          "path": "test3.jsonl",
          "size": 623360766,
          "algorithm": "sha256",
          "hash": "28ed26cc83363ce3f1fe2d5fad9f8393077beb1907b167a31bd3b32f80801b79"
        },
        {
          "path": "test4.jsonl",
          "size": 1204644685,
          "algorithm": "sha256",
          "hash": "d711138ddaebfcf5f8ec6a4283ee677298c0f5c5d374a235af92aaf0584510da"
        },
        {
          "path": "test5.jsonl",
          "size": 557699297,
          "algorithm": "sha256",
          "hash": "7f77571c2a6df0c2a72a3277650309f67e01e0008e18117e624633df53f81214"
        },
        {
          "path": "test6.jsonl",
          "size": 134303240,
          "algorithm": "sha256",
          "hash": "bb4c364f71921c4495a6ad15abe1a927350b720009f4933e2e71f8af0f6fd1f5"
        }
      ]
    },
    "mmlu-pro": {
      "repo": "TIGER-Lab/MMLU-Pro",
      "revision": "b189ec765aa7ed75c8acfea42df31fdae71f97be",
      "files": [
        {
          "path": "README.md",
          "size": 11723,
          "algorithm": "sha256",
          "hash": "4bd710f67da3fa359a33edce1b4b5816b3de416c823c2624ba5e89c2557d2a47"
        },
        {
          "path": "data/test-00000-of-00001.parquet",
          "size": 4144185,
          "algorithm": "sha256",
          "hash": "0e24a191921c2f453518a537a8b2117bd137e7714d4ef1565e9ba06c1ecb9ad8"
        },
        {
          "path": "data/validation-00000-of-00001.parquet",
          "size": 42857,
          "algorithm": "sha256",
          "hash": "139423c23722e480c807ac4a191409a710cfce4eba744c1d641cf88e730e2078"
        }
      ]
    },
    "graphwalks": {
      "repo": "openai/graphwalks",
      "revision": "f338bb265735a56a79f4b0f5def722c9c3268ead",
      "files": [
        {
          "path": "README.md",
          "size": 3184,
          "algorithm": "sha256",
          "hash": "8edff8afba221b1d2a99c46777f068c0888f5e93316028324d84112f039fb43c"
        },
        {
          "path": "graphwalks_128k_and_shorter.parquet",
          "size": 22128284,
          "algorithm": "sha256",
          "hash": "54036036c91d8e04bb2a5fcd9e36f8e2a852cacece5dfc2b1ee40e3a6182b516"
        },
        {
          "path": "graphwalks_256k_to_1mil.parquet",
          "size": 296903814,
          "algorithm": "sha256",
          "hash": "537879431c72a42e3b500f80efc3047e7facb90390b6063d33679b4320985911"
        }
      ]
    }
  },
  "mrcr-v2": {
    "32k-64k": {
      "filename": "mrcr_v2p1_8needle_in_(32768,65536)_dynamic_fewshot_text_style_fast.csv",
      "generation": "1752099150466835",
      "url": "https://storage.googleapis.com/download/storage/v1/b/mrcr_v2/o/mrcr_v2p1_8needle_in_(32768,65536)_dynamic_fewshot_text_style_fast.csv?generation=1752099150466835&alt=media",
      "size": 25872061,
      "sha256": "c6be39bcebdf1a9a474951fa73fa8d7b67fa734ded295567ac9341f095b5ef49"
    },
    "128k-256k": {
      "filename": "mrcr_v2p1_8needle_in_(131072,262144)_dynamic_fewshot_text_style_fast.csv",
      "generation": "1752098306692796",
      "url": "https://storage.googleapis.com/download/storage/v1/b/mrcr_v2/o/mrcr_v2p1_8needle_in_(131072,262144)_dynamic_fewshot_text_style_fast.csv?generation=1752098306692796&alt=media",
      "size": 173734608,
      "sha256": "fe3b726c213844ff64575c0c7414ac7543c4fca0e3d3a9eacd9de97f9148c2fa"
    }
  }
}
